
Microsoft Visual Studio Solution File, Format Version 12.00
# Visual Studio Version 16
VisualStudioVersion = 16.0.30621.155
MinimumVisualStudioVersion = 10.0.40219.1
Project("{FAE04EC0-301F-11D3-BF4B-00C04F79EFBC}") = "DiscountEvaluator", "DiscountEvaluator\DiscountEvaluator.csproj", "{F92FBA36-08C9-40B3-9E91-7D0BAFAF3AC9}"
EndProject
Project("{FAE04EC0-301F-11D3-BF4B-00C04F79EFBC}") = "View", "View\View.csproj", "{2D79E86F-7E4E-44DF-95B1-7FDCDB0B0F7F}"
EndProject
Project("{FAE04EC0-301F-11D3-BF4B-00C04F79EFBC}") = "DiscountEvaluator.Tests", "DiscountEvaluator.Tests\DiscountEvaluator.Tests.csproj", "{7A66A03B-EAEB-446F-BF46-E34CE746FADF}"
EndProject
Global
	GlobalSection(SolutionConfigurationPlatforms) = preSolution
		Debug|Any CPU = Debug|Any CPU
		Debug|x64 = Debug|x64
		Debug|x86 = Debug|x86
		Release|Any CPU = Release|Any CPU
		Release|x64 = Release|x64
		Release|x86 = Release|x86
	EndGlobalSection
	GlobalSection(ProjectConfigurationPlatforms) = postSolution
		{F92FBA36-08C9-40B3-9E91-7D0BAFAF3AC9}.Debug|Any CPU.ActiveCfg = Debug|Any CPU
		{F92FBA36-08C9-40B3-9E91-7D0BAFAF3AC9}.Debug|Any CPU.Build.0 = Debug|Any CPU
		{F92FBA36-08C9-40B3-9E91-7D0BAFAF3AC9}.Debug|x64.ActiveCfg = Debug|Any CPU
		{F92FBA36-08C9-40B3-9E91-7D0BAFAF3AC9}.Debug|x64.Build.0 = Debug|Any CPU
		{F92FBA36-08C9-40B3-9E91-7D0BAFAF3AC9}.Debug|x86.ActiveCfg = Debug|Any CPU
		{F92FBA36-08C9-40B3-9E91-7D0BAFAF3AC9}.Debug|x86.Build.0 = Debug|Any CPU
		{F92FBA36-08C9-40B3-9E91-7D0BAFAF3AC9}.Release|Any CPU.ActiveCfg = Release|Any CPU
		{F92FBA36-08C9-40B3-9E91-7D0BAFAF3AC9}.Release|Any CPU.Build.0 = Release|Any CPU
		{F92FBA36-08C9-40B3-9E91-7D0BAFAF3AC9}.Release|x64.ActiveCfg = Release|Any CPU
		{F92FBA36-08C9-40B3-9E91-7D0BAFAF3AC9}.Release|x64.Build.0 = Release|Any CPU
		{F92FBA36-08C9-40B3-9E91-7D0BAFAF3AC9}.Release|x86.ActiveCfg = Release|Any CPU
		{F92FBA36-08C9-40B3-9E91-7D0BAFAF3AC9}.Release|x86.Build.0 = Release|Any CPU
		{2D79E86F-7E4E-44DF-95B1-7FDCDB0B0F7F}.Debug|Any CPU.ActiveCfg = Debug|Any CPU
		{2D79E86F-7E4E-44DF-95B1-7FDCDB0B0F7F}.Debug|Any CPU.Build.0 = Debug|Any CPU
		{2D79E86F-7E4E-44DF-95B1-7FDCDB0B0F7F}.Debug|x64.ActiveCfg = Debug|Any CPU
		{2D79E86F-7E4E-44DF-95B1-7FDCDB0B0F7F}.Debug|x64.Build.0 = Debug|Any CPU
		{2D79E86F-7E4E-44DF-95B1-7FDCDB0B0F7F}.Debug|x86.ActiveCfg = Debug|Any CPU
		{2D79E86F-7E4E-44DF-95B1-7FDCDB0B0F7F}.Debug|x86.Build.0 = Debug|Any CPU
		{2D79E86F-7E4E-44DF-95B1-7FDCDB0B0F7F}.Release|Any CPU.ActiveCfg = Release|Any CPU
		{2D79E86F-7E4E-44DF-95B1-7FDCDB0B0F7F}.Release|Any CPU.Build.0 = Release|Any CPU
		{2D79E86F-7E4E-44DF-95B1-7FDCDB0B0F7F}.Release|x64.ActiveCfg = Release|Any CPU
		{2D79E86F-7E4E-44DF-95B1-7FDCDB0B0F7F}.Release|x64.Build.0 = Release|Any CPU
		{2D79E86F-7E4E-44DF-95B1-7FDCDB0B0F7F}.Release|x86.ActiveCfg = Release|Any CPU
		{2D79E86F-7E4E-44DF-95B1-7FDCDB0B0F7F}.Release|x86.Build.0 = Release|Any CPU
		{7A66A03B-EAEB-446F-BF46-E34CE746FADF}.Debug|Any CPU.ActiveCfg = Debug|Any CPU
		{7A66A03B-EAEB-446F-BF46-E34CE746FADF}.Debug|Any CPU.Build.0 = Debug|Any CPU
		{7A66A03B-EAEB-446F-BF46-E34CE746FADF}.Debug|x64.ActiveCfg = Debug|Any CPU
		{7A66A03B-EAEB-446F-BF46-E34CE746FADF}.Debug|x64.Build.0 = Debug|Any CPU
		{7A66A03B-EAEB-446F-BF46-E34CE746FADF}.Debug|x86.ActiveCfg = Debug|Any CPU
		{7A66A03B-EAEB-446F-BF46-E34CE746FADF}.Debug|x86.Build.0 = Debug|Any CPU
		{7A66A03B-EAEB-446F-BF46-E34CE746FADF}.Release|Any CPU.ActiveCfg = Release|Any CPU
		{7A66A03B-EAEB-446F-BF46-E34CE746FADF}.Release|Any CPU.Build.0 = Release|Any CPU
		{7A66A03B-EAEB-446F-BF46-E34CE746FADF}.Release|x64.ActiveCfg = Release|Any CPU
		{7A66A03B-EAEB-446F-BF46-E34CE746FADF}.Release|x64.Build.0 = Release|Any CPU
		{7A66A03B-EAEB-446F-BF46-E34CE746FADF}.Release|x86.ActiveCfg = Release|Any CPU
		{7A66A03B-EAEB-446F-BF46-E34CE746FADF}.Release|x86.Build.0 = Release|Any CPU
	EndGlobalSection
	GlobalSection(SolutionProperties) = preSolution
		HideSolutionNode = FALSE
	EndGlobalSection
	GlobalSection(ExtensibilityGlobals) = postSolution
		SolutionGuid = {87049067-A635-4783-B9A1-698867A8F913}
	EndGlobalSection
EndGlobal
